
Microsoft Visual Studio Solution File, Format Version 12.00
# Visual Studio Version 17
VisualStudioVersion = 17.1.32319.34
MinimumVisualStudioVersion = 10.0.40219.1
Project("{FAE04EC0-301F-11D3-BF4B-00C04F79EFBC}") = "DemoMinimalAPI", "DemoMinimalAPI\DemoMinimalAPI.csproj", "{87BDCFBE-C220-494E-A1AA-F3CABD168820}"
EndProject
Global
	GlobalSection(SolutionConfigurationPlatforms) = preSolution
		Debug|Any CPU = Debug|Any CPU
		Release|Any CPU = Release|Any CPU
	EndGlobalSection
	GlobalSection(ProjectConfigurationPlatforms) = postSolution
		{87BDCFBE-C220-494E-A1AA-F3CABD168820}.Debug|Any CPU.ActiveCfg = Debug|Any CPU
		{87BDCFBE-C220-494E-A1AA-F3CABD168820}.Debug|Any CPU.Build.0 = Debug|Any CPU
		{87BDCFBE-C220-494E-A1AA-F3CABD168820}.Release|Any CPU.ActiveCfg = Release|Any CPU
		{87BDCFBE-C220-494E-A1AA-F3CABD168820}.Release|Any CPU.Build.0 = Release|Any CPU
	EndGlobalSection
	GlobalSection(SolutionProperties) = preSolution
		HideSolutionNode = FALSE
	EndGlobalSection
	GlobalSection(ExtensibilityGlobals) = postSolution
		SolutionGuid = {5A5415EF-5BE8-446C-925F-D7BDD169B316}
	EndGlobalSection
EndGlobal
